
Microsoft Visual Studio Solution File, Format Version 12.00
# Visual Studio Version 17
VisualStudioVersion = 17.13.35931.197 d17.13
MinimumVisualStudioVersion = 10.0.40219.1
Project("{8BC9CEB8-8B4A-11D0-8D11-00A0C91BC942}") = "Project1", "Project1\Project1.vcxproj", "{142B0044-17D9-44B6-ACC4-99FB3421D6F8}"
EndProject
Global
	GlobalSection(SolutionConfigurationPlatforms) = preSolution
		Debug|x64 = Debug|x64
		Debug|x86 = Debug|x86
		Release|x64 = Release|x64
		Release|x86 = Release|x86
	EndGlobalSection
	GlobalSection(ProjectConfigurationPlatforms) = postSolution
		{142B0044-17D9-44B6-ACC4-99FB3421D6F8}.Debug|x64.ActiveCfg = Debug|x64
		{142B0044-17D9-44B6-ACC4-99FB3421D6F8}.Debug|x64.Build.0 = Debug|x64
		{142B0044-17D9-44B6-ACC4-99FB3421D6F8}.Debug|x86.ActiveCfg = Debug|Win32
		{142B0044-17D9-44B6-ACC4-99FB3421D6F8}.Debug|x86.Build.0 = Debug|Win32
		{142B0044-17D9-44B6-ACC4-99FB3421D6F8}.Release|x64.ActiveCfg = Release|x64
		{142B0044-17D9-44B6-ACC4-99FB3421D6F8}.Release|x64.Build.0 = Release|x64
		{142B0044-17D9-44B6-ACC4-99FB3421D6F8}.Release|x86.ActiveCfg = Release|Win32
		{142B0044-17D9-44B6-ACC4-99FB3421D6F8}.Release|x86.Build.0 = Release|Win32
	EndGlobalSection
	GlobalSection(SolutionProperties) = preSolution
		HideSolutionNode = FALSE
	EndGlobalSection
	GlobalSection(ExtensibilityGlobals) = postSolution
		SolutionGuid = {C69547DE-E777-449D-AA8C-F7109CE5BE74}
	EndGlobalSection
EndGlobal
